
Microsoft Visual Studio Solution File, Format Version 12.00
# Visual Studio 14
VisualStudioVersion = 14.0.22609.0
MinimumVisualStudioVersion = 10.0.40219.1
Project("{FAE04EC0-301F-11D3-BF4B-00C04F79EFBC}") = "Common", "Common\Common.csproj", "{ECEF677B-B2FF-4B48-8120-EA55D54A1C24}"
EndProject
Project("{FAE04EC0-301F-11D3-BF4B-00C04F79EFBC}") = "VMV", "VMV\VMV.csproj", "{DA7E554B-D679-4A15-8BEC-525C25A52CB5}"
EndProject
Project("{FAE04EC0-301F-11D3-BF4B-00C04F79EFBC}") = "Main", "Main\Main.csproj", "{27AFB4A7-2AD9-419B-82AB-97D5CBDAD261}"
EndProject
Project("{FAE04EC0-301F-11D3-BF4B-00C04F79EFBC}") = "ConfigTool", "ConfigTool\ConfigTool.csproj", "{580E38D0-03F5-40D4-BAA7-C8B903B46060}"
EndProject
Project("{FAE04EC0-301F-11D3-BF4B-00C04F79EFBC}") = "Annotator", "Annotator\Annotator.csproj", "{0514959E-B0C8-48C1-9441-55DA3E98B6E4}"
EndProject
Project("{2150E333-8FDC-42A3-9474-1A3956D46DE8}") = "Solution Items", "Solution Items", "{F5CFBE1C-C095-493F-BFE8-98FC732A7FF3}"
	ProjectSection(SolutionItems) = preProject
		LICENSE = LICENSE
	EndProjectSection
EndProject
Project("{FAE04EC0-301F-11D3-BF4B-00C04F79EFBC}") = "Github", "Github\Github.csproj", "{4DEB8B51-171B-4B69-8C33-FBB040F1BBCE}"
	ProjectSection(ProjectDependencies) = postProject
		{ECEF677B-B2FF-4B48-8120-EA55D54A1C24} = {ECEF677B-B2FF-4B48-8120-EA55D54A1C24}
		{27AFB4A7-2AD9-419B-82AB-97D5CBDAD261} = {27AFB4A7-2AD9-419B-82AB-97D5CBDAD261}
	EndProjectSection
EndProject
Project("{2150E333-8FDC-42A3-9474-1A3956D46DE8}") = "Tests", "Tests", "{E455E5FA-CB6F-4520-B576-5A898979BD90}"
EndProject
Project("{FAE04EC0-301F-11D3-BF4B-00C04F79EFBC}") = "ConsoleApplication1", "Tests\ConsoleApplication1\ConsoleApplication1.csproj", "{0CDD4EE3-F67E-48A5-8BE6-367EB268B1B0}"
EndProject
Project("{FAE04EC0-301F-11D3-BF4B-00C04F79EFBC}") = "InterfaceTest", "Tests\InterfaceTest\InterfaceTest.csproj", "{1EFB9CB1-9E7F-4DB5-8D0B-16EEEABB095E}"
EndProject
Project("{FAE04EC0-301F-11D3-BF4B-00C04F79EFBC}") = "TestRunner", "TestRunner\TestRunner.csproj", "{59E33DEC-18F9-4213-9822-EFE55C41EDF7}"
EndProject
Global
	GlobalSection(SolutionConfigurationPlatforms) = preSolution
		Debug|Any CPU = Debug|Any CPU
		Internal9|Any CPU = Internal9|Any CPU
		Release|Any CPU = Release|Any CPU
	EndGlobalSection
	GlobalSection(ProjectConfigurationPlatforms) = postSolution
		{ECEF677B-B2FF-4B48-8120-EA55D54A1C24}.Debug|Any CPU.ActiveCfg = Debug|Any CPU
		{ECEF677B-B2FF-4B48-8120-EA55D54A1C24}.Debug|Any CPU.Build.0 = Debug|Any CPU
		{ECEF677B-B2FF-4B48-8120-EA55D54A1C24}.Internal9|Any CPU.ActiveCfg = Release|Any CPU
		{ECEF677B-B2FF-4B48-8120-EA55D54A1C24}.Internal9|Any CPU.Build.0 = Release|Any CPU
		{ECEF677B-B2FF-4B48-8120-EA55D54A1C24}.Release|Any CPU.ActiveCfg = Release|Any CPU
		{ECEF677B-B2FF-4B48-8120-EA55D54A1C24}.Release|Any CPU.Build.0 = Release|Any CPU
		{DA7E554B-D679-4A15-8BEC-525C25A52CB5}.Debug|Any CPU.ActiveCfg = Debug|Any CPU
		{DA7E554B-D679-4A15-8BEC-525C25A52CB5}.Debug|Any CPU.Build.0 = Debug|Any CPU
		{DA7E554B-D679-4A15-8BEC-525C25A52CB5}.Internal9|Any CPU.ActiveCfg = Release|Any CPU
		{DA7E554B-D679-4A15-8BEC-525C25A52CB5}.Internal9|Any CPU.Build.0 = Release|Any CPU
		{DA7E554B-D679-4A15-8BEC-525C25A52CB5}.Release|Any CPU.ActiveCfg = Release|Any CPU
		{DA7E554B-D679-4A15-8BEC-525C25A52CB5}.Release|Any CPU.Build.0 = Release|Any CPU
		{27AFB4A7-2AD9-419B-82AB-97D5CBDAD261}.Debug|Any CPU.ActiveCfg = Debug|Any CPU
		{27AFB4A7-2AD9-419B-82AB-97D5CBDAD261}.Debug|Any CPU.Build.0 = Debug|Any CPU
		{27AFB4A7-2AD9-419B-82AB-97D5CBDAD261}.Internal9|Any CPU.ActiveCfg = Release|Any CPU
		{27AFB4A7-2AD9-419B-82AB-97D5CBDAD261}.Internal9|Any CPU.Build.0 = Release|Any CPU
		{27AFB4A7-2AD9-419B-82AB-97D5CBDAD261}.Release|Any CPU.ActiveCfg = Release|Any CPU
		{27AFB4A7-2AD9-419B-82AB-97D5CBDAD261}.Release|Any CPU.Build.0 = Release|Any CPU
		{580E38D0-03F5-40D4-BAA7-C8B903B46060}.Debug|Any CPU.ActiveCfg = Debug|Any CPU
		{580E38D0-03F5-40D4-BAA7-C8B903B46060}.Debug|Any CPU.Build.0 = Debug|Any CPU
		{580E38D0-03F5-40D4-BAA7-C8B903B46060}.Internal9|Any CPU.ActiveCfg = Release|Any CPU
		{580E38D0-03F5-40D4-BAA7-C8B903B46060}.Internal9|Any CPU.Build.0 = Release|Any CPU
		{580E38D0-03F5-40D4-BAA7-C8B903B46060}.Release|Any CPU.ActiveCfg = Release|Any CPU
		{580E38D0-03F5-40D4-BAA7-C8B903B46060}.Release|Any CPU.Build.0 = Release|Any CPU
		{0514959E-B0C8-48C1-9441-55DA3E98B6E4}.Debug|Any CPU.ActiveCfg = Debug|Any CPU
		{0514959E-B0C8-48C1-9441-55DA3E98B6E4}.Debug|Any CPU.Build.0 = Debug|Any CPU
		{0514959E-B0C8-48C1-9441-55DA3E98B6E4}.Internal9|Any CPU.ActiveCfg = Internal9|Any CPU
		{0514959E-B0C8-48C1-9441-55DA3E98B6E4}.Internal9|Any CPU.Build.0 = Internal9|Any CPU
		{0514959E-B0C8-48C1-9441-55DA3E98B6E4}.Release|Any CPU.ActiveCfg = Internal9|Any CPU
		{0514959E-B0C8-48C1-9441-55DA3E98B6E4}.Release|Any CPU.Build.0 = Internal9|Any CPU
		{4DEB8B51-171B-4B69-8C33-FBB040F1BBCE}.Debug|Any CPU.ActiveCfg = Debug|Any CPU
		{4DEB8B51-171B-4B69-8C33-FBB040F1BBCE}.Debug|Any CPU.Build.0 = Debug|Any CPU
		{4DEB8B51-171B-4B69-8C33-FBB040F1BBCE}.Internal9|Any CPU.ActiveCfg = Release|Any CPU
		{4DEB8B51-171B-4B69-8C33-FBB040F1BBCE}.Internal9|Any CPU.Build.0 = Release|Any CPU
		{4DEB8B51-171B-4B69-8C33-FBB040F1BBCE}.Release|Any CPU.ActiveCfg = Release|Any CPU
		{4DEB8B51-171B-4B69-8C33-FBB040F1BBCE}.Release|Any CPU.Build.0 = Release|Any CPU
		{0CDD4EE3-F67E-48A5-8BE6-367EB268B1B0}.Debug|Any CPU.ActiveCfg = Debug|Any CPU
		{0CDD4EE3-F67E-48A5-8BE6-367EB268B1B0}.Debug|Any CPU.Build.0 = Debug|Any CPU
		{0CDD4EE3-F67E-48A5-8BE6-367EB268B1B0}.Internal9|Any CPU.ActiveCfg = Release|Any CPU
		{0CDD4EE3-F67E-48A5-8BE6-367EB268B1B0}.Internal9|Any CPU.Build.0 = Release|Any CPU
		{0CDD4EE3-F67E-48A5-8BE6-367EB268B1B0}.Release|Any CPU.ActiveCfg = Release|Any CPU
		{0CDD4EE3-F67E-48A5-8BE6-367EB268B1B0}.Release|Any CPU.Build.0 = Release|Any CPU
		{1EFB9CB1-9E7F-4DB5-8D0B-16EEEABB095E}.Debug|Any CPU.ActiveCfg = Debug|Any CPU
		{1EFB9CB1-9E7F-4DB5-8D0B-16EEEABB095E}.Debug|Any CPU.Build.0 = Debug|Any CPU
		{1EFB9CB1-9E7F-4DB5-8D0B-16EEEABB095E}.Internal9|Any CPU.ActiveCfg = Release|Any CPU
		{1EFB9CB1-9E7F-4DB5-8D0B-16EEEABB095E}.Internal9|Any CPU.Build.0 = Release|Any CPU
		{1EFB9CB1-9E7F-4DB5-8D0B-16EEEABB095E}.Release|Any CPU.ActiveCfg = Release|Any CPU
		{1EFB9CB1-9E7F-4DB5-8D0B-16EEEABB095E}.Release|Any CPU.Build.0 = Release|Any CPU
		{59E33DEC-18F9-4213-9822-EFE55C41EDF7}.Debug|Any CPU.ActiveCfg = Debug|Any CPU
		{59E33DEC-18F9-4213-9822-EFE55C41EDF7}.Debug|Any CPU.Build.0 = Debug|Any CPU
		{59E33DEC-18F9-4213-9822-EFE55C41EDF7}.Internal9|Any CPU.ActiveCfg = Release|Any CPU
		{59E33DEC-18F9-4213-9822-EFE55C41EDF7}.Internal9|Any CPU.Build.0 = Release|Any CPU
		{59E33DEC-18F9-4213-9822-EFE55C41EDF7}.Release|Any CPU.ActiveCfg = Release|Any CPU
		{59E33DEC-18F9-4213-9822-EFE55C41EDF7}.Release|Any CPU.Build.0 = Release|Any CPU
	EndGlobalSection
	GlobalSection(SolutionProperties) = preSolution
		HideSolutionNode = FALSE
	EndGlobalSection
	GlobalSection(NestedProjects) = preSolution
		{0CDD4EE3-F67E-48A5-8BE6-367EB268B1B0} = {E455E5FA-CB6F-4520-B576-5A898979BD90}
		{1EFB9CB1-9E7F-4DB5-8D0B-16EEEABB095E} = {E455E5FA-CB6F-4520-B576-5A898979BD90}
	EndGlobalSection
EndGlobal
